
Microsoft Visual Studio Solution File, Format Version 12.00
# Visual Studio Version 17
VisualStudioVersion = 17.2.32516.85
MinimumVisualStudioVersion = 10.0.40219.1
Project("{FAE04EC0-301F-11D3-BF4B-00C04F79EFBC}") = "EmployeeWageComputation", "EmployeeWageComputation\EmployeeWageComputation.csproj", "{E1AC3CA5-D9E5-42BF-B315-4B88493C1755}"
EndProject
Global
	GlobalSection(SolutionConfigurationPlatforms) = preSolution
		Debug|Any CPU = Debug|Any CPU
		Release|Any CPU = Release|Any CPU
	EndGlobalSection
	GlobalSection(ProjectConfigurationPlatforms) = postSolution
		{E1AC3CA5-D9E5-42BF-B315-4B88493C1755}.Debug|Any CPU.ActiveCfg = Debug|Any CPU
		{E1AC3CA5-D9E5-42BF-B315-4B88493C1755}.Debug|Any CPU.Build.0 = Debug|Any CPU
		{E1AC3CA5-D9E5-42BF-B315-4B88493C1755}.Release|Any CPU.ActiveCfg = Release|Any CPU
		{E1AC3CA5-D9E5-42BF-B315-4B88493C1755}.Release|Any CPU.Build.0 = Release|Any CPU
	EndGlobalSection
	GlobalSection(SolutionProperties) = preSolution
		HideSolutionNode = FALSE
	EndGlobalSection
	GlobalSection(ExtensibilityGlobals) = postSolution
		SolutionGuid = {74518702-C229-4E74-8655-FD30A1DCA215}
	EndGlobalSection
EndGlobal
